// !$*UTF8*$!
{
	archiveVersion = 1;
	classes = {
	};
	objectVersion = 50;
	objects = {

/* Begin PBXBuildFile section */
		3E9A1C79263AC83C0030D6A7 /* BrowseViewController.swift in Sources */ = {isa = PBXBuildFile; fileRef = 3E9A1C78263AC83C0030D6A7 /* BrowseViewController.swift */; };
		3E9A1C7D263ACAB50030D6A7 /* AuctionCardCell.swift in Sources */ = {isa = PBXBuildFile; fileRef = 3E9A1C7C263ACAB50030D6A7 /* AuctionCardCell.swift */; };
		3E9A1C81263B36F80030D6A7 /* MyListingsViewController.swift in Sources */ = {isa = PBXBuildFile; fileRef = 3E9A1C80263B36F80030D6A7 /* MyListingsViewController.swift */; };
		592D95D6AD544BA24B25DDE6 /* Pods_UniBid.framework in Frameworks */ = {isa = PBXBuildFile; fileRef = AA243D08835BDAABED005E89 /* Pods_UniBid.framework */; };
		8D0EB06D262030D900F26B35 /* AppDelegate.swift in Sources */ = {isa = PBXBuildFile; fileRef = 8D0EB06C262030D900F26B35 /* AppDelegate.swift */; };
		8D0EB06F262030D900F26B35 /* SceneDelegate.swift in Sources */ = {isa = PBXBuildFile; fileRef = 8D0EB06E262030D900F26B35 /* SceneDelegate.swift */; };
		8D0EB071262030D900F26B35 /* ViewController.swift in Sources */ = {isa = PBXBuildFile; fileRef = 8D0EB070262030D900F26B35 /* ViewController.swift */; };
		8D0EB074262030D900F26B35 /* Main.storyboard in Resources */ = {isa = PBXBuildFile; fileRef = 8D0EB072262030D900F26B35 /* Main.storyboard */; };
		8D0EB077262030D900F26B35 /* UniBid.xcdatamodeld in Sources */ = {isa = PBXBuildFile; fileRef = 8D0EB075262030D900F26B35 /* UniBid.xcdatamodeld */; };
		8D0EB079262030D900F26B35 /* Assets.xcassets in Resources */ = {isa = PBXBuildFile; fileRef = 8D0EB078262030D900F26B35 /* Assets.xcassets */; };
		8D0EB07C262030D900F26B35 /* LaunchScreen.storyboard in Resources */ = {isa = PBXBuildFile; fileRef = 8D0EB07A262030D900F26B35 /* LaunchScreen.storyboard */; };
		8D0EB0852620378500F26B35 /* LogInView.swift in Sources */ = {isa = PBXBuildFile; fileRef = 8D0EB0842620378500F26B35 /* LogInView.swift */; };
		8D0EB088262037B300F26B35 /* RegisterView.swift in Sources */ = {isa = PBXBuildFile; fileRef = 8D0EB087262037B300F26B35 /* RegisterView.swift */; };
		8D0EB08C262037D800F26B35 /* HomeView.swift in Sources */ = {isa = PBXBuildFile; fileRef = 8D0EB08B262037D800F26B35 /* HomeView.swift */; };
		8D62A9542631DEB4009CB506 /* addAuctionView.swift in Sources */ = {isa = PBXBuildFile; fileRef = 8D62A9532631DEB4009CB506 /* addAuctionView.swift */; };
/* End PBXBuildFile section */

/* Begin PBXFileReference section */
		3E9A1C78263AC83C0030D6A7 /* BrowseViewController.swift */ = {isa = PBXFileReference; lastKnownFileType = sourcecode.swift; path = BrowseViewController.swift; sourceTree = "<group>"; };
		3E9A1C7C263ACAB50030D6A7 /* AuctionCardCell.swift */ = {isa = PBXFileReference; lastKnownFileType = sourcecode.swift; path = AuctionCardCell.swift; sourceTree = "<group>"; };
		3E9A1C80263B36F80030D6A7 /* MyListingsViewController.swift */ = {isa = PBXFileReference; lastKnownFileType = sourcecode.swift; path = MyListingsViewController.swift; sourceTree = "<group>"; };
		8D0EB069262030D900F26B35 /* UniBid.app */ = {isa = PBXFileReference; explicitFileType = wrapper.application; includeInIndex = 0; path = UniBid.app; sourceTree = BUILT_PRODUCTS_DIR; };
		8D0EB06C262030D900F26B35 /* AppDelegate.swift */ = {isa = PBXFileReference; lastKnownFileType = sourcecode.swift; path = AppDelegate.swift; sourceTree = "<group>"; };
		8D0EB06E262030D900F26B35 /* SceneDelegate.swift */ = {isa = PBXFileReference; lastKnownFileType = sourcecode.swift; path = SceneDelegate.swift; sourceTree = "<group>"; };
		8D0EB070262030D900F26B35 /* ViewController.swift */ = {isa = PBXFileReference; lastKnownFileType = sourcecode.swift; path = ViewController.swift; sourceTree = "<group>"; };
		8D0EB073262030D900F26B35 /* Base */ = {isa = PBXFileReference; lastKnownFileType = file.storyboard; name = Base; path = Base.lproj/Main.storyboard; sourceTree = "<group>"; };
		8D0EB076262030D900F26B35 /* UniBid.xcdatamodel */ = {isa = PBXFileReference; lastKnownFileType = wrapper.xcdatamodel; path = UniBid.xcdatamodel; sourceTree = "<group>"; };
		8D0EB078262030D900F26B35 /* Assets.xcassets */ = {isa = PBXFileReference; lastKnownFileType = folder.assetcatalog; path = Assets.xcassets; sourceTree = "<group>"; };
		8D0EB07B262030D900F26B35 /* Base */ = {isa = PBXFileReference; lastKnownFileType = file.storyboard; name = Base; path = Base.lproj/LaunchScreen.storyboard; sourceTree = "<group>"; };
		8D0EB07D262030D900F26B35 /* Info.plist */ = {isa = PBXFileReference; lastKnownFileType = text.plist.xml; path = Info.plist; sourceTree = "<group>"; };
		8D0EB0842620378500F26B35 /* LogInView.swift */ = {isa = PBXFileReference; lastKnownFileType = sourcecode.swift; path = LogInView.swift; sourceTree = "<group>"; };
		8D0EB087262037B300F26B35 /* RegisterView.swift */ = {isa = PBXFileReference; lastKnownFileType = sourcecode.swift; path = RegisterView.swift; sourceTree = "<group>"; };
		8D0EB08B262037D800F26B35 /* HomeView.swift */ = {isa = PBXFileReference; lastKnownFileType = sourcecode.swift; path = HomeView.swift; sourceTree = "<group>"; };
		8D62A9532631DEB4009CB506 /* addAuctionView.swift */ = {isa = PBXFileReference; lastKnownFileType = sourcecode.swift; path = addAuctionView.swift; sourceTree = "<group>"; };
		AA243D08835BDAABED005E89 /* Pods_UniBid.framework */ = {isa = PBXFileReference; explicitFileType = wrapper.framework; includeInIndex = 0; path = Pods_UniBid.framework; sourceTree = BUILT_PRODUCTS_DIR; };
		CAEFCD84891FF34CF3275162 /* Pods-UniBid.debug.xcconfig */ = {isa = PBXFileReference; includeInIndex = 1; lastKnownFileType = text.xcconfig; name = "Pods-UniBid.debug.xcconfig"; path = "Target Support Files/Pods-UniBid/Pods-UniBid.debug.xcconfig"; sourceTree = "<group>"; };
		E3CA6137A4500F7457E1E11A /* Pods-UniBid.release.xcconfig */ = {isa = PBXFileReference; includeInIndex = 1; lastKnownFileType = text.xcconfig; name = "Pods-UniBid.release.xcconfig"; path = "Target Support Files/Pods-UniBid/Pods-UniBid.release.xcconfig"; sourceTree = "<group>"; };
/* End PBXFileReference section */

/* Begin PBXFrameworksBuildPhase section */
		8D0EB066262030D900F26B35 /* Frameworks */ = {
			isa = PBXFrameworksBuildPhase;
			buildActionMask = 2147483647;
			files = (
				592D95D6AD544BA24B25DDE6 /* Pods_UniBid.framework in Frameworks */,
			);
			runOnlyForDeploymentPostprocessing = 0;
		};
/* End PBXFrameworksBuildPhase section */

/* Begin PBXGroup section */
		08DB8B2CF68BF5EEDFA98550 /* Pods */ = {
			isa = PBXGroup;
			children = (
				CAEFCD84891FF34CF3275162 /* Pods-UniBid.debug.xcconfig */,
				E3CA6137A4500F7457E1E11A /* Pods-UniBid.release.xcconfig */,
			);
			name = Pods;
			path = Pods;
			sourceTree = "<group>";
		};
		5C1BA611492BE3378A544E3F /* Frameworks */ = {
			isa = PBXGroup;
			children = (
				AA243D08835BDAABED005E89 /* Pods_UniBid.framework */,
			);
			name = Frameworks;
			sourceTree = "<group>";
		};
		8D0EB060262030D900F26B35 = {
			isa = PBXGroup;
			children = (
				8D0EB06B262030D900F26B35 /* UniBid */,
				8D0EB06A262030D900F26B35 /* Products */,
				08DB8B2CF68BF5EEDFA98550 /* Pods */,
				5C1BA611492BE3378A544E3F /* Frameworks */,
			);
			sourceTree = "<group>";
		};
		8D0EB06A262030D900F26B35 /* Products */ = {
			isa = PBXGroup;
			children = (
				8D0EB069262030D900F26B35 /* UniBid.app */,
			);
			name = Products;
			sourceTree = "<group>";
		};
		8D0EB06B262030D900F26B35 /* UniBid */ = {
			isa = PBXGroup;
			children = (
				8D0EB06C262030D900F26B35 /* AppDelegate.swift */,
				3E9A1C7C263ACAB50030D6A7 /* AuctionCardCell.swift */,
				8D0EB06E262030D900F26B35 /* SceneDelegate.swift */,
				8D0EB070262030D900F26B35 /* ViewController.swift */,
				8D0EB0842620378500F26B35 /* LogInView.swift */,
				8D0EB087262037B300F26B35 /* RegisterView.swift */,
				8D0EB08B262037D800F26B35 /* HomeView.swift */,
				8D62A9532631DEB4009CB506 /* addAuctionView.swift */,
				8D0EB072262030D900F26B35 /* Main.storyboard */,
				8D0EB078262030D900F26B35 /* Assets.xcassets */,
				8D0EB07A262030D900F26B35 /* LaunchScreen.storyboard */,
				8D0EB07D262030D900F26B35 /* Info.plist */,
				8D0EB075262030D900F26B35 /* UniBid.xcdatamodeld */,
				3E9A1C78263AC83C0030D6A7 /* BrowseViewController.swift */,
				3E9A1C80263B36F80030D6A7 /* MyListingsViewController.swift */,
			);
			path = UniBid;
			sourceTree = "<group>";
		};
/* End PBXGroup section */

/* Begin PBXNativeTarget section */
		8D0EB068262030D900F26B35 /* UniBid */ = {
			isa = PBXNativeTarget;
			buildConfigurationList = 8D0EB080262030D900F26B35 /* Build configuration list for PBXNativeTarget "UniBid" */;
			buildPhases = (
				F4151D268AA21BE96E57D5AB /* [CP] Check Pods Manifest.lock */,
				8D0EB065262030D900F26B35 /* Sources */,
				8D0EB066262030D900F26B35 /* Frameworks */,
				8D0EB067262030D900F26B35 /* Resources */,
				604EF936DB0440D18A239630 /* [CP] Embed Pods Frameworks */,
			);
			buildRules = (
			);
			dependencies = (
			);
			name = UniBid;
			productName = UniBid;
			productReference = 8D0EB069262030D900F26B35 /* UniBid.app */;
			productType = "com.apple.product-type.application";
		};
/* End PBXNativeTarget section */

/* Begin PBXProject section */
		8D0EB061262030D900F26B35 /* Project object */ = {
			isa = PBXProject;
			attributes = {
				LastSwiftUpdateCheck = 1240;
				LastUpgradeCheck = 1240;
				TargetAttributes = {
					8D0EB068262030D900F26B35 = {
						CreatedOnToolsVersion = 12.4;
					};
				};
			};
			buildConfigurationList = 8D0EB064262030D900F26B35 /* Build configuration list for PBXProject "UniBid" */;
			compatibilityVersion = "Xcode 9.3";
			developmentRegion = en;
			hasScannedForEncodings = 0;
			knownRegions = (
				en,
				Base,
			);
			mainGroup = 8D0EB060262030D900F26B35;
			productRefGroup = 8D0EB06A262030D900F26B35 /* Products */;
			projectDirPath = "";
			projectRoot = "";
			targets = (
				8D0EB068262030D900F26B35 /* UniBid */,
			);
		};
/* End PBXProject section */

/* Begin PBXResourcesBuildPhase section */
		8D0EB067262030D900F26B35 /* Resources */ = {
			isa = PBXResourcesBuildPhase;
			buildActionMask = 2147483647;
			files = (
				8D0EB07C262030D900F26B35 /* LaunchScreen.storyboard in Resources */,
				8D0EB079262030D900F26B35 /* Assets.xcassets in Resources */,
				8D0EB074262030D900F26B35 /* Main.storyboard in Resources */,
			);
			runOnlyForDeploymentPostprocessing = 0;
		};
/* End PBXResourcesBuildPhase section */

/* Begin PBXShellScriptBuildPhase section */
		604EF936DB0440D18A239630 /* [CP] Embed Pods Frameworks */ = {
			isa = PBXShellScriptBuildPhase;
			buildActionMask = 2147483647;
			files = (
			);
			inputFileListPaths = (
				"${PODS_ROOT}/Target Support Files/Pods-UniBid/Pods-UniBid-frameworks-${CONFIGURATION}-input-files.xcfilelist",
			);
			name = "[CP] Embed Pods Frameworks";
			outputFileListPaths = (
				"${PODS_ROOT}/Target Support Files/Pods-UniBid/Pods-UniBid-frameworks-${CONFIGURATION}-output-files.xcfilelist",
			);
			runOnlyForDeploymentPostprocessing = 0;
			shellPath = /bin/sh;
			shellScript = "\"${PODS_ROOT}/Target Support Files/Pods-UniBid/Pods-UniBid-frameworks.sh\"\n";
			showEnvVarsInLog = 0;
		};
		F4151D268AA21BE96E57D5AB /* [CP] Check Pods Manifest.lock */ = {
			isa = PBXShellScriptBuildPhase;
			buildActionMask = 2147483647;
			files = (
			);
			inputFileListPaths = (
			);
			inputPaths = (
				"${PODS_PODFILE_DIR_PATH}/Podfile.lock",
				"${PODS_ROOT}/Manifest.lock",
			);
			name = "[CP] Check Pods Manifest.lock";
			outputFileListPaths = (
			);
			outputPaths = (
				"$(DERIVED_FILE_DIR)/Pods-UniBid-checkManifestLockResult.txt",
			);
			runOnlyForDeploymentPostprocessing = 0;
			shellPath = /bin/sh;
			shellScript = "diff \"${PODS_PODFILE_DIR_PATH}/Podfile.lock\" \"${PODS_ROOT}/Manifest.lock\" > /dev/null\nif [ $? != 0 ] ; then\n    # print error to STDERR\n    echo \"error: The sandbox is not in sync with the Podfile.lock. Run 'pod install' or update your CocoaPods installation.\" >&2\n    exit 1\nfi\n# This output is used by Xcode 'outputs' to avoid re-running this script phase.\necho \"SUCCESS\" > \"${SCRIPT_OUTPUT_FILE_0}\"\n";
			showEnvVarsInLog = 0;
		};
/* End PBXShellScriptBuildPhase section */

/* Begin PBXSourcesBuildPhase section */
		8D0EB065262030D900F26B35 /* Sources */ = {
			isa = PBXSourcesBuildPhase;
			buildActionMask = 2147483647;
			files = (
				3E9A1C7D263ACAB50030D6A7 /* AuctionCardCell.swift in Sources */,
				8D0EB0852620378500F26B35 /* LogInView.swift in Sources */,
				3E9A1C79263AC83C0030D6A7 /* BrowseViewController.swift in Sources */,
				3E9A1C81263B36F80030D6A7 /* MyListingsViewController.swift in Sources */,
				8D0EB08C262037D800F26B35 /* HomeView.swift in Sources */,
				8D0EB071262030D900F26B35 /* ViewController.swift in Sources */,
				8D0EB06D262030D900F26B35 /* AppDelegate.swift in Sources */,
				8D0EB088262037B300F26B35 /* RegisterView.swift in Sources */,
				8D0EB077262030D900F26B35 /* UniBid.xcdatamodeld in Sources */,
				8D62A9542631DEB4009CB506 /* addAuctionView.swift in Sources */,
				8D0EB06F262030D900F26B35 /* SceneDelegate.swift in Sources */,
			);
			runOnlyForDeploymentPostprocessing = 0;
		};
/* End PBXSourcesBuildPhase section */

/* Begin PBXVariantGroup section */
		8D0EB072262030D900F26B35 /* Main.storyboard */ = {
			isa = PBXVariantGroup;
			children = (
				8D0EB073262030D900F26B35 /* Base */,
			);
			name = Main.storyboard;
			sourceTree = "<group>";
		};
		8D0EB07A262030D900F26B35 /* LaunchScreen.storyboard */ = {
			isa = PBXVariantGroup;
			children = (
				8D0EB07B262030D900F26B35 /* Base */,
			);
			name = LaunchScreen.storyboard;
			sourceTree = "<group>";
		};
/* End PBXVariantGroup section */

/* Begin XCBuildConfiguration section */
		8D0EB07E262030D900F26B35 /* Debug */ = {
			isa = XCBuildConfiguration;
			buildSettings = {
				ALWAYS_SEARCH_USER_PATHS = NO;
				CLANG_ANALYZER_NONNULL = YES;
				CLANG_ANALYZER_NUMBER_OBJECT_CONVERSION = YES_AGGRESSIVE;
				CLANG_CXX_LANGUAGE_STANDARD = "gnu++14";
				CLANG_CXX_LIBRARY = "libc++";
				CLANG_ENABLE_MODULES = YES;
				CLANG_ENABLE_OBJC_ARC = YES;
				CLANG_ENABLE_OBJC_WEAK = YES;
				CLANG_WARN_BLOCK_CAPTURE_AUTORELEASING = YES;
				CLANG_WARN_BOOL_CONVERSION = YES;
				CLANG_WARN_COMMA = YES;
				CLANG_WARN_CONSTANT_CONVERSION = YES;
				CLANG_WARN_DEPRECATED_OBJC_IMPLEMENTATIONS = YES;
				CLANG_WARN_DIRECT_OBJC_ISA_USAGE = YES_ERROR;
				CLANG_WARN_DOCUMENTATION_COMMENTS = YES;
				CLANG_WARN_EMPTY_BODY = YES;
				CLANG_WARN_ENUM_CONVERSION = YES;
				CLANG_WARN_INFINITE_RECURSION = YES;
				CLANG_WARN_INT_CONVERSION = YES;
				CLANG_WARN_NON_LITERAL_NULL_CONVERSION = YES;
				CLANG_WARN_OBJC_IMPLICIT_RETAIN_SELF = YES;
				CLANG_WARN_OBJC_LITERAL_CONVERSION = YES;
				CLANG_WARN_OBJC_ROOT_CLASS = YES_ERROR;
				CLANG_WARN_QUOTED_INCLUDE_IN_FRAMEWORK_HEADER = YES;
				CLANG_WARN_RANGE_LOOP_ANALYSIS = YES;
				CLANG_WARN_STRICT_PROTOTYPES = YES;
				CLANG_WARN_SUSPICIOUS_MOVE = YES;
				CLANG_WARN_UNGUARDED_AVAILABILITY = YES_AGGRESSIVE;
				CLANG_WARN_UNREACHABLE_CODE = YES;
				CLANG_WARN__DUPLICATE_METHOD_MATCH = YES;
				COPY_PHASE_STRIP = NO;
				DEBUG_INFORMATION_FORMAT = dwarf;
				ENABLE_STRICT_OBJC_MSGSEND = YES;
				ENABLE_TESTABILITY = YES;
				GCC_C_LANGUAGE_STANDARD = gnu11;
				GCC_DYNAMIC_NO_PIC = NO;
				GCC_NO_COMMON_BLOCKS = YES;
				GCC_OPTIMIZATION_LEVEL = 0;
				GCC_PREPROCESSOR_DEFINITIONS = (
					"DEBUG=1",
					"$(inherited)",
				);
				GCC_WARN_64_TO_32_BIT_CONVERSION = YES;
				GCC_WARN_ABOUT_RETURN_TYPE = YES_ERROR;
				GCC_WARN_UNDECLARED_SELECTOR = YES;
				GCC_WARN_UNINITIALIZED_AUTOS = YES_AGGRESSIVE;
				GCC_WARN_UNUSED_FUNCTION = YES;
				GCC_WARN_UNUSED_VARIABLE = YES;
				IPHONEOS_DEPLOYMENT_TARGET = 14.4;
				MTL_ENABLE_DEBUG_INFO = INCLUDE_SOURCE;
				MTL_FAST_MATH = YES;
				ONLY_ACTIVE_ARCH = YES;
				SDKROOT = iphoneos;
				SWIFT_ACTIVE_COMPILATION_CONDITIONS = DEBUG;
				SWIFT_OPTIMIZATION_LEVEL = "-Onone";
			};
			name = Debug;
		};
		8D0EB07F262030D900F26B35 /* Release */ = {
			isa = XCBuildConfiguration;
			buildSettings = {
				ALWAYS_SEARCH_USER_PATHS = NO;
				CLANG_ANALYZER_NONNULL = YES;
				CLANG_ANALYZER_NUMBER_OBJECT_CONVERSION = YES_AGGRESSIVE;
				CLANG_CXX_LANGUAGE_STANDARD = "gnu++14";
				CLANG_CXX_LIBRARY = "libc++";
				CLANG_ENABLE_MODULES = YES;
				CLANG_ENABLE_OBJC_ARC = YES;
				CLANG_ENABLE_OBJC_WEAK = YES;
				CLANG_WARN_BLOCK_CAPTURE_AUTORELEASING = YES;
				CLANG_WARN_BOOL_CONVERSION = YES;
				CLANG_WARN_COMMA = YES;
				CLANG_WARN_CONSTANT_CONVERSION = YES;
				CLANG_WARN_DEPRECATED_OBJC_IMPLEMENTATIONS = YES;
				CLANG_WARN_DIRECT_OBJC_ISA_USAGE = YES_ERROR;
				CLANG_WARN_DOCUMENTATION_COMMENTS = YES;
				CLANG_WARN_EMPTY_BODY = YES;
				CLANG_WARN_ENUM_CONVERSION = YES;
				CLANG_WARN_INFINITE_RECURSION = YES;
				CLANG_WARN_INT_CONVERSION = YES;
				CLANG_WARN_NON_LITERAL_NULL_CONVERSION = YES;
				CLANG_WARN_OBJC_IMPLICIT_RETAIN_SELF = YES;
				CLANG_WARN_OBJC_LITERAL_CONVERSION = YES;
				CLANG_WARN_OBJC_ROOT_CLASS = YES_ERROR;
				CLANG_WARN_QUOTED_INCLUDE_IN_FRAMEWORK_HEADER = YES;
				CLANG_WARN_RANGE_LOOP_ANALYSIS = YES;
				CLANG_WARN_STRICT_PROTOTYPES = YES;
				CLANG_WARN_SUSPICIOUS_MOVE = YES;
				CLANG_WARN_UNGUARDED_AVAILABILITY = YES_AGGRESSIVE;
				CLANG_WARN_UNREACHABLE_CODE = YES;
				CLANG_WARN__DUPLICATE_METHOD_MATCH = YES;
				COPY_PHASE_STRIP = NO;
				DEBUG_INFORMATION_FORMAT = "dwarf-with-dsym";
				ENABLE_NS_ASSERTIONS = NO;
				ENABLE_STRICT_OBJC_MSGSEND = YES;
				GCC_C_LANGUAGE_STANDARD = gnu11;
				GCC_NO_COMMON_BLOCKS = YES;
				GCC_WARN_64_TO_32_BIT_CONVERSION = YES;
				GCC_WARN_ABOUT_RETURN_TYPE = YES_ERROR;
				GCC_WARN_UNDECLARED_SELECTOR = YES;
				GCC_WARN_UNINITIALIZED_AUTOS = YES_AGGRESSIVE;
				GCC_WARN_UNUSED_FUNCTION = YES;
				GCC_WARN_UNUSED_VARIABLE = YES;
				IPHONEOS_DEPLOYMENT_TARGET = 14.4;
				MTL_ENABLE_DEBUG_INFO = NO;
				MTL_FAST_MATH = YES;
				SDKROOT = iphoneos;
				SWIFT_COMPILATION_MODE = wholemodule;
				SWIFT_OPTIMIZATION_LEVEL = "-O";
				VALIDATE_PRODUCT = YES;
			};
			name = Release;
		};
		8D0EB081262030D900F26B35 /* Debug */ = {
			isa = XCBuildConfiguration;
			baseConfigurationReference = CAEFCD84891FF34CF3275162 /* Pods-UniBid.debug.xcconfig */;
			buildSettings = {
				ASSETCATALOG_COMPILER_APPICON_NAME = AppIcon;
				ASSETCATALOG_COMPILER_GLOBAL_ACCENT_COLOR_NAME = AccentColor;
				CODE_SIGN_STYLE = Automatic;
				INFOPLIST_FILE = UniBid/Info.plist;
				LD_RUNPATH_SEARCH_PATHS = (
					"$(inherited)",
					"@executable_path/Frameworks",
				);
				PRODUCT_BUNDLE_IDENTIFIER = com.Mario.UniBid;
				PRODUCT_NAME = "$(TARGET_NAME)";
				SWIFT_VERSION = 5.0;
				TARGETED_DEVICE_FAMILY = "1,2";
			};
			name = Debug;
		};
		8D0EB082262030D900F26B35 /* Release */ = {
			isa = XCBuildConfiguration;
			baseConfigurationReference = E3CA6137A4500F7457E1E11A /* Pods-UniBid.release.xcconfig */;
			buildSettings = {
				ASSETCATALOG_COMPILER_APPICON_NAME = AppIcon;
				ASSETCATALOG_COMPILER_GLOBAL_ACCENT_COLOR_NAME = AccentColor;
				CODE_SIGN_STYLE = Automatic;
				INFOPLIST_FILE = UniBid/Info.plist;
				LD_RUNPATH_SEARCH_PATHS = (
					"$(inherited)",
					"@executable_path/Frameworks",
				);
				PRODUCT_BUNDLE_IDENTIFIER = com.Mario.UniBid;
				PRODUCT_NAME = "$(TARGET_NAME)";
				SWIFT_VERSION = 5.0;
				TARGETED_DEVICE_FAMILY = "1,2";
			};
			name = Release;
		};
/* End XCBuildConfiguration section */

/* Begin XCConfigurationList section */
		8D0EB064262030D900F26B35 /* Build configuration list for PBXProject "UniBid" */ = {
			isa = XCConfigurationList;
			buildConfigurations = (
				8D0EB07E262030D900F26B35 /* Debug */,
				8D0EB07F262030D900F26B35 /* Release */,
			);
			defaultConfigurationIsVisible = 0;
			defaultConfigurationName = Release;
		};
		8D0EB080262030D900F26B35 /* Build configuration list for PBXNativeTarget "UniBid" */ = {
			isa = XCConfigurationList;
			buildConfigurations = (
				8D0EB081262030D900F26B35 /* Debug */,
				8D0EB082262030D900F26B35 /* Release */,
			);
			defaultConfigurationIsVisible = 0;
			defaultConfigurationName = Release;
		};
/* End XCConfigurationList section */

/* Begin XCVersionGroup section */
		8D0EB075262030D900F26B35 /* UniBid.xcdatamodeld */ = {
			isa = XCVersionGroup;
			children = (
				8D0EB076262030D900F26B35 /* UniBid.xcdatamodel */,
			);
			currentVersion = 8D0EB076262030D900F26B35 /* UniBid.xcdatamodel */;
			path = UniBid.xcdatamodeld;
			sourceTree = "<group>";
			versionGroupType = wrapper.xcdatamodel;
		};
/* End XCVersionGroup section */
	};
	rootObject = 8D0EB061262030D900F26B35 /* Project object */;
}
